{
  "requires": true,
  "lockfileVersion": 1,
  "dependencies": {
    "async-stream-flow": {
      "version": "1.0.2",
      "resolved": "https://registry.npmjs.org/async-stream-flow/-/async-stream-flow-1.0.2.tgz",
      "integrity": "sha1-QttjUlxdEWJn6miwNp2bNcqjhNs=",
      "requires": {
        "through3": "~1.1.5"
      }
    },
    "fs-flow": {
      "version": "1.0.2",
      "resolved": "https://registry.npmjs.org/fs-flow/-/fs-flow-1.0.2.tgz",
      "integrity": "sha1-a3Ez0UNaSpTz3KYk0IbfKTalM+c=",
      "requires": {
        "async-stream-flow": "~1.0.1",
        "through3": "~1.1.5"
      }
    },
    "husk": {
      "version": "0.5.3",
      "resolved": "https://registry.npmjs.org/husk/-/husk-0.5.3.tgz",
      "integrity": "sha1-hpOqCxZMy2MU3HzTR43k95ZpFFg=",
      "requires": {
        "husk-async": "~1.0.2",
        "husk-core": "~1.0.4",
        "husk-exec": "~1.0.4",
        "husk-fs": "~1.0.2",
        "zephyr": "~1.2.6"
      }
    },
    "husk-async": {
      "version": "1.0.3",
      "resolved": "https://registry.npmjs.org/husk-async/-/husk-async-1.0.3.tgz",
      "integrity": "sha1-taXK4ns+JkESbeB7JGripkd/o4I=",
      "requires": {
        "async-stream-flow": "~1.0.1"
      }
    },
    "husk-core": {
      "version": "1.0.4",
      "resolved": "https://registry.npmjs.org/husk-core/-/husk-core-1.0.4.tgz",
      "integrity": "sha1-hwsmGcAoPWoSYrmKmkt2YSKS5H0=",
      "requires": {
        "husk-print": "~1.0.2",
        "husk-through": "~1.0.2"
      }
    },
    "husk-exec": {
      "version": "1.0.4",
      "resolved": "https://registry.npmjs.org/husk-exec/-/husk-exec-1.0.4.tgz",
      "integrity": "sha1-+B6v/RWAuR2joTwHzlaPyKcs6bQ=",
      "requires": {
        "process-flow": "~1.0.2"
      }
    },
    "husk-fs": {
      "version": "1.0.3",
      "resolved": "https://registry.npmjs.org/husk-fs/-/husk-fs-1.0.3.tgz",
      "integrity": "sha1-PDKpblYXU9YxsajuXEojbR2J4Tg=",
      "requires": {
        "fs-flow": "~1.0.1"
      }
    },
    "husk-print": {
      "version": "1.0.3",
      "resolved": "https://registry.npmjs.org/husk-print/-/husk-print-1.0.3.tgz",
      "integrity": "sha1-PdE0tGvHAcy+gRPI1svrgwVlZpc=",
      "requires": {
        "print-flow": "~1.0.2"
      }
    },
    "husk-through": {
      "version": "1.0.2",
      "resolved": "https://registry.npmjs.org/husk-through/-/husk-through-1.0.2.tgz",
      "integrity": "sha1-99ZoviZ+He644oWoaHvvORaVyrw=",
      "requires": {
        "through-flow": "~1.0.1"
      }
    },
    "print-flow": {
      "version": "1.0.2",
      "resolved": "https://registry.npmjs.org/print-flow/-/print-flow-1.0.2.tgz",
      "integrity": "sha1-KHU6TmrqUSI5e7W8hbZ/UFSLnGc=",
      "requires": {
        "through3": "~1.1.5"
      }
    },
    "process-flow": {
      "version": "1.0.2",
      "resolved": "https://registry.npmjs.org/process-flow/-/process-flow-1.0.2.tgz",
      "integrity": "sha1-7QJLLN9wBBk9RhA2UMqTkwZ+fsA=",
      "requires": {
        "through3": "~1.1.5"
      }
    },
    "through-flow": {
      "version": "1.0.2",
      "resolved": "https://registry.npmjs.org/through-flow/-/through-flow-1.0.2.tgz",
      "integrity": "sha1-PkezECV3YuPp4PlxN0MvvniTvAw=",
      "requires": {
        "through3": "~1.1.5"
      }
    },
    "through3": {
      "version": "1.1.6",
      "resolved": "https://registry.npmjs.org/through3/-/through3-1.1.6.tgz",
      "integrity": "sha1-UEqlF179VNnGlXeEyJBmS4aFz3c="
    },
    "zephyr": {
      "version": "1.2.8",
      "resolved": "https://registry.npmjs.org/zephyr/-/zephyr-1.2.8.tgz",
      "integrity": "sha1-r3NKl9u9No4rc1l8fmBU28vWmmw="
    }
  }
}
