{
  "name": "stop-analyzing-embed-workflow-file-size-impact",
  "version": "0.0.1",
  "lockfileVersion": 1,
  "requires": true,
  "dependencies": {
    "@jsenv/cancellation": {
      "version": "1.4.1",
      "resolved": "https://registry.npmjs.org/@jsenv/cancellation/-/cancellation-1.4.1.tgz",
      "integrity": "sha512-PSCHdPLUHcfbRQuoGCnjEenj0on0ii+7WSqzc+35+BW1NpGHdkjMqwnAYTa2UDsjmkhgjxuHOUlMQxCVG3qP7A=="
    },
    "@jsenv/file-size-impact": {
      "version": "4.1.0",
      "resolved": "https://registry.npmjs.org/@jsenv/file-size-impact/-/file-size-impact-4.1.0.tgz",
      "integrity": "sha512-eYXMZ3sKC0poP6DpdhVa6V0hUAbYl/AV7bX/1hL6IAQEMMiMEdkoREycFCNVerLhdP11pKM6cMDK6OJjYx3VBw==",
      "requires": {
        "@jsenv/cancellation": "1.4.1",
        "@jsenv/logger": "3.3.1",
        "@jsenv/server": "2.6.0",
        "@jsenv/util": "3.6.0"
      }
    },
    "@jsenv/logger": {
      "version": "3.3.1",
      "resolved": "https://registry.npmjs.org/@jsenv/logger/-/logger-3.3.1.tgz",
      "integrity": "sha512-Xi3Qtxu/ASi1sgAh+f5Emp6brcMjM1fG+Du7QMPcCKfvYJs/paud6oJLPhjgoPEYgl3XIfiCxZyoX+GCT4Jydg=="
    },
    "@jsenv/node-signals": {
      "version": "2.0.1",
      "resolved": "https://registry.npmjs.org/@jsenv/node-signals/-/node-signals-2.0.1.tgz",
      "integrity": "sha512-OXZkSZsegiOI+uueyY1wwx6Z0XpPFf/d/es/Bi1fUBeR/k8PvFyRygM9FgtYpZmJ0FGaEKTYQN+E31dzTru4kw=="
    },
    "@jsenv/server": {
      "version": "2.6.0",
      "resolved": "https://registry.npmjs.org/@jsenv/server/-/server-2.6.0.tgz",
      "integrity": "sha512-APT5S2zBMAVuioJP6MfBLujRHORIW42eWmUXIJgdswbROM8F8uUWZV6rpe9Vsj9Ir69woR+vTXxLnLskjBQGeg==",
      "requires": {
        "@jsenv/cancellation": "1.4.1",
        "@jsenv/logger": "3.3.1",
        "@jsenv/node-signals": "2.0.1",
        "@jsenv/util": "3.5.2",
        "abort-controller": "3.0.0",
        "kill-port": "1.6.0",
        "node-fetch": "2.6.0"
      },
      "dependencies": {
        "@jsenv/util": {
          "version": "3.5.2",
          "resolved": "https://registry.npmjs.org/@jsenv/util/-/util-3.5.2.tgz",
          "integrity": "sha512-S0uNwgv5Me1b+5O6LLd+ozD/FOhjQm+7mOmD9WrjfuMMOsKZwu7f+XeUWtk6/gldcGrBSAqOAOr+QmsFnP/u8w==",
          "requires": {
            "@jsenv/cancellation": "1.4.1",
            "@jsenv/node-signals": "2.0.1",
            "@jsenv/url-meta": "5.2.2"
          }
        }
      }
    },
    "@jsenv/url-meta": {
      "version": "5.2.2",
      "resolved": "https://registry.npmjs.org/@jsenv/url-meta/-/url-meta-5.2.2.tgz",
      "integrity": "sha512-cXyGWf49KS+7c3T4ta/v6gqdQywDu5YsyVKkrY6C2KtTdkVBKNaYoSv+woVUks9RbFke4hq33UhD51xSI3aicg=="
    },
    "@jsenv/util": {
      "version": "3.6.0",
      "resolved": "https://registry.npmjs.org/@jsenv/util/-/util-3.6.0.tgz",
      "integrity": "sha512-HqWCkjM3PUIEw7p//UlWJmflEEwBbqi1fKnWgOuy/xEqYBsznyWjdjY5Kc0aNDnZDnsHVBeKBHiWx++x0u1fwg==",
      "requires": {
        "@jsenv/cancellation": "1.4.1",
        "@jsenv/node-signals": "2.0.1",
        "@jsenv/url-meta": "5.2.3"
      },
      "dependencies": {
        "@jsenv/url-meta": {
          "version": "5.2.3",
          "resolved": "https://registry.npmjs.org/@jsenv/url-meta/-/url-meta-5.2.3.tgz",
          "integrity": "sha512-OT+4G7zUHfrRPnWLyE8xtOZ4XxWfZcDJXohg4EgxO7B1qyp1eK+4aehF8WAdHkbe2U2zpzyzGDhD2V2ainZBRw=="
        }
      }
    },
    "abort-controller": {
      "version": "3.0.0",
      "resolved": "https://registry.npmjs.org/abort-controller/-/abort-controller-3.0.0.tgz",
      "integrity": "sha512-h8lQ8tacZYnR3vNQTgibj+tODHI5/+l06Au2Pcriv/Gmet0eaj4TwWH41sO9wnHDiQsEj19q0drzdWdeAHtweg==",
      "requires": {
        "event-target-shim": "^5.0.0"
      }
    },
    "event-target-shim": {
      "version": "5.0.1",
      "resolved": "https://registry.npmjs.org/event-target-shim/-/event-target-shim-5.0.1.tgz",
      "integrity": "sha512-i/2XbnSz/uxRCU6+NdVJgKWDTM427+MqYbkQzD321DuCQJUqOuJKIA0IM2+W2xtYHdKOmZ4dR6fExsd4SXL+WQ=="
    },
    "get-them-args": {
      "version": "1.3.2",
      "resolved": "https://registry.npmjs.org/get-them-args/-/get-them-args-1.3.2.tgz",
      "integrity": "sha1-dKILqKSr7OWuGZrQPyvMaP38m6U="
    },
    "kill-port": {
      "version": "1.6.0",
      "resolved": "https://registry.npmjs.org/kill-port/-/kill-port-1.6.0.tgz",
      "integrity": "sha512-gwHRBZ3OLBcupsOJZlIt2Xvf6QqFH3lfdpGnmonXJnJrqq819UXtItGEU1rCMXHK6sXFlxdpkw8ka56rtWw/eQ==",
      "requires": {
        "get-them-args": "^1.3.1",
        "shell-exec": "^1.0.2"
      }
    },
    "node-fetch": {
      "version": "2.6.0",
      "resolved": "https://registry.npmjs.org/node-fetch/-/node-fetch-2.6.0.tgz",
      "integrity": "sha512-8dG4H5ujfvFiqDmVu9fQ5bOHUC15JMjMY/Zumv26oOvvVJjM67KF8koCWIabKQ1GJIa9r2mMZscBq/TbdOcmNA=="
    },
    "shell-exec": {
      "version": "1.0.2",
      "resolved": "https://registry.npmjs.org/shell-exec/-/shell-exec-1.0.2.tgz",
      "integrity": "sha512-jyVd+kU2X+mWKMmGhx4fpWbPsjvD53k9ivqetutVW/BQ+WIZoDoP4d8vUMGezV6saZsiNoW2f9GIhg9Dondohg=="
    }
  }
}
